
Microsoft Visual Studio Solution File, Format Version 12.00
# Visual Studio 2013
VisualStudioVersion = 12.0.21005.1
MinimumVisualStudioVersion = 10.0.40219.1
Project("{FAE04EC0-301F-11D3-BF4B-00C04F79EFBC}") = "ImplementAATree", "ImplementAATree\ImplementAATree.csproj", "{4B653244-6B11-4EDD-9881-D3167E4DCF6A}"
EndProject
Project("{FAE04EC0-301F-11D3-BF4B-00C04F79EFBC}") = "ImplementIntervalTree", "ImplementIntervalTree\ImplementIntervalTree.csproj", "{66835089-A3C9-4454-985B-FC28010863A9}"
EndProject
Global
	GlobalSection(SolutionConfigurationPlatforms) = preSolution
		Debug|Any CPU = Debug|Any CPU
		Release|Any CPU = Release|Any CPU
	EndGlobalSection
	GlobalSection(ProjectConfigurationPlatforms) = postSolution
		{4B653244-6B11-4EDD-9881-D3167E4DCF6A}.Debug|Any CPU.ActiveCfg = Debug|Any CPU
		{4B653244-6B11-4EDD-9881-D3167E4DCF6A}.Debug|Any CPU.Build.0 = Debug|Any CPU
		{4B653244-6B11-4EDD-9881-D3167E4DCF6A}.Release|Any CPU.ActiveCfg = Release|Any CPU
		{4B653244-6B11-4EDD-9881-D3167E4DCF6A}.Release|Any CPU.Build.0 = Release|Any CPU
		{66835089-A3C9-4454-985B-FC28010863A9}.Debug|Any CPU.ActiveCfg = Debug|Any CPU
		{66835089-A3C9-4454-985B-FC28010863A9}.Debug|Any CPU.Build.0 = Debug|Any CPU
		{66835089-A3C9-4454-985B-FC28010863A9}.Release|Any CPU.ActiveCfg = Release|Any CPU
		{66835089-A3C9-4454-985B-FC28010863A9}.Release|Any CPU.Build.0 = Release|Any CPU
	EndGlobalSection
	GlobalSection(SolutionProperties) = preSolution
		HideSolutionNode = FALSE
	EndGlobalSection
EndGlobal
